
Microsoft Visual Studio Solution File, Format Version 12.00
# Visual Studio Version 17
VisualStudioVersion = 17.5.33502.453
MinimumVisualStudioVersion = 10.0.40219.1
Project("{FAE04EC0-301F-11D3-BF4B-00C04F79EFBC}") = "LibraryManagementSystem", "LibraryManagementSystem\LibraryManagementSystem.csproj", "{6FEBEBED-665B-4FCE-B5B9-C3B455C07080}"
EndProject
Project("{2150E333-8FDC-42A3-9474-1A3956D46DE8}") = "src", "src", "{5BB2AD70-0087-458F-9E30-BD62E0AE6825}"
EndProject
Project("{FAE04EC0-301F-11D3-BF4B-00C04F79EFBC}") = "Application", "Application\Application.csproj", "{C8B3FA73-858F-4146-B24B-2D0A61680792}"
EndProject
Project("{FAE04EC0-301F-11D3-BF4B-00C04F79EFBC}") = "Domain", "Domain\Domain.csproj", "{AD3A2461-0F06-4BEC-B350-B01526D5592A}"
EndProject
Project("{FAE04EC0-301F-11D3-BF4B-00C04F79EFBC}") = "Infrastructure", "Infrastructure\Infrastructure.csproj", "{5C4E623C-A1A5-4D0E-AF95-EDF05E75C6D9}"
EndProject
Project("{FAE04EC0-301F-11D3-BF4B-00C04F79EFBC}") = "Presentation", "Presentation\Presentation.csproj", "{B804AF08-E02A-4AF2-B073-66010B43539A}"
EndProject
Global
	GlobalSection(SolutionConfigurationPlatforms) = preSolution
		Debug|Any CPU = Debug|Any CPU
		Debug|ARM = Debug|ARM
		Debug|ARM64 = Debug|ARM64
		Debug|x64 = Debug|x64
		Debug|x86 = Debug|x86
		Release|Any CPU = Release|Any CPU
		Release|ARM = Release|ARM
		Release|ARM64 = Release|ARM64
		Release|x64 = Release|x64
		Release|x86 = Release|x86
	EndGlobalSection
	GlobalSection(ProjectConfigurationPlatforms) = postSolution
		{6FEBEBED-665B-4FCE-B5B9-C3B455C07080}.Debug|Any CPU.ActiveCfg = Debug|Any CPU
		{6FEBEBED-665B-4FCE-B5B9-C3B455C07080}.Debug|Any CPU.Build.0 = Debug|Any CPU
		{6FEBEBED-665B-4FCE-B5B9-C3B455C07080}.Debug|ARM.ActiveCfg = Debug|Any CPU
		{6FEBEBED-665B-4FCE-B5B9-C3B455C07080}.Debug|ARM.Build.0 = Debug|Any CPU
		{6FEBEBED-665B-4FCE-B5B9-C3B455C07080}.Debug|ARM64.ActiveCfg = Debug|Any CPU
		{6FEBEBED-665B-4FCE-B5B9-C3B455C07080}.Debug|ARM64.Build.0 = Debug|Any CPU
		{6FEBEBED-665B-4FCE-B5B9-C3B455C07080}.Debug|x64.ActiveCfg = Debug|Any CPU
		{6FEBEBED-665B-4FCE-B5B9-C3B455C07080}.Debug|x64.Build.0 = Debug|Any CPU
		{6FEBEBED-665B-4FCE-B5B9-C3B455C07080}.Debug|x86.ActiveCfg = Debug|Any CPU
		{6FEBEBED-665B-4FCE-B5B9-C3B455C07080}.Debug|x86.Build.0 = Debug|Any CPU
		{6FEBEBED-665B-4FCE-B5B9-C3B455C07080}.Release|Any CPU.ActiveCfg = Release|Any CPU
		{6FEBEBED-665B-4FCE-B5B9-C3B455C07080}.Release|Any CPU.Build.0 = Release|Any CPU
		{6FEBEBED-665B-4FCE-B5B9-C3B455C07080}.Release|ARM.ActiveCfg = Release|Any CPU
		{6FEBEBED-665B-4FCE-B5B9-C3B455C07080}.Release|ARM.Build.0 = Release|Any CPU
		{6FEBEBED-665B-4FCE-B5B9-C3B455C07080}.Release|ARM64.ActiveCfg = Release|Any CPU
		{6FEBEBED-665B-4FCE-B5B9-C3B455C07080}.Release|ARM64.Build.0 = Release|Any CPU
		{6FEBEBED-665B-4FCE-B5B9-C3B455C07080}.Release|x64.ActiveCfg = Release|Any CPU
		{6FEBEBED-665B-4FCE-B5B9-C3B455C07080}.Release|x64.Build.0 = Release|Any CPU
		{6FEBEBED-665B-4FCE-B5B9-C3B455C07080}.Release|x86.ActiveCfg = Release|Any CPU
		{6FEBEBED-665B-4FCE-B5B9-C3B455C07080}.Release|x86.Build.0 = Release|Any CPU
		{C8B3FA73-858F-4146-B24B-2D0A61680792}.Debug|Any CPU.ActiveCfg = Debug|Any CPU
		{C8B3FA73-858F-4146-B24B-2D0A61680792}.Debug|Any CPU.Build.0 = Debug|Any CPU
		{C8B3FA73-858F-4146-B24B-2D0A61680792}.Debug|ARM.ActiveCfg = Debug|Any CPU
		{C8B3FA73-858F-4146-B24B-2D0A61680792}.Debug|ARM.Build.0 = Debug|Any CPU
		{C8B3FA73-858F-4146-B24B-2D0A61680792}.Debug|ARM64.ActiveCfg = Debug|Any CPU
		{C8B3FA73-858F-4146-B24B-2D0A61680792}.Debug|ARM64.Build.0 = Debug|Any CPU
		{C8B3FA73-858F-4146-B24B-2D0A61680792}.Debug|x64.ActiveCfg = Debug|Any CPU
		{C8B3FA73-858F-4146-B24B-2D0A61680792}.Debug|x64.Build.0 = Debug|Any CPU
		{C8B3FA73-858F-4146-B24B-2D0A61680792}.Debug|x86.ActiveCfg = Debug|Any CPU
		{C8B3FA73-858F-4146-B24B-2D0A61680792}.Debug|x86.Build.0 = Debug|Any CPU
		{C8B3FA73-858F-4146-B24B-2D0A61680792}.Release|Any CPU.ActiveCfg = Release|Any CPU
		{C8B3FA73-858F-4146-B24B-2D0A61680792}.Release|Any CPU.Build.0 = Release|Any CPU
		{C8B3FA73-858F-4146-B24B-2D0A61680792}.Release|ARM.ActiveCfg = Release|Any CPU
		{C8B3FA73-858F-4146-B24B-2D0A61680792}.Release|ARM.Build.0 = Release|Any CPU
		{C8B3FA73-858F-4146-B24B-2D0A61680792}.Release|ARM64.ActiveCfg = Release|Any CPU
		{C8B3FA73-858F-4146-B24B-2D0A61680792}.Release|ARM64.Build.0 = Release|Any CPU
		{C8B3FA73-858F-4146-B24B-2D0A61680792}.Release|x64.ActiveCfg = Release|Any CPU
		{C8B3FA73-858F-4146-B24B-2D0A61680792}.Release|x64.Build.0 = Release|Any CPU
		{C8B3FA73-858F-4146-B24B-2D0A61680792}.Release|x86.ActiveCfg = Release|Any CPU
		{C8B3FA73-858F-4146-B24B-2D0A61680792}.Release|x86.Build.0 = Release|Any CPU
		{AD3A2461-0F06-4BEC-B350-B01526D5592A}.Debug|Any CPU.ActiveCfg = Debug|Any CPU
		{AD3A2461-0F06-4BEC-B350-B01526D5592A}.Debug|Any CPU.Build.0 = Debug|Any CPU
		{AD3A2461-0F06-4BEC-B350-B01526D5592A}.Debug|ARM.ActiveCfg = Debug|Any CPU
		{AD3A2461-0F06-4BEC-B350-B01526D5592A}.Debug|ARM.Build.0 = Debug|Any CPU
		{AD3A2461-0F06-4BEC-B350-B01526D5592A}.Debug|ARM64.ActiveCfg = Debug|Any CPU
		{AD3A2461-0F06-4BEC-B350-B01526D5592A}.Debug|ARM64.Build.0 = Debug|Any CPU
		{AD3A2461-0F06-4BEC-B350-B01526D5592A}.Debug|x64.ActiveCfg = Debug|Any CPU
		{AD3A2461-0F06-4BEC-B350-B01526D5592A}.Debug|x64.Build.0 = Debug|Any CPU
		{AD3A2461-0F06-4BEC-B350-B01526D5592A}.Debug|x86.ActiveCfg = Debug|Any CPU
		{AD3A2461-0F06-4BEC-B350-B01526D5592A}.Debug|x86.Build.0 = Debug|Any CPU
		{AD3A2461-0F06-4BEC-B350-B01526D5592A}.Release|Any CPU.ActiveCfg = Release|Any CPU
		{AD3A2461-0F06-4BEC-B350-B01526D5592A}.Release|Any CPU.Build.0 = Release|Any CPU
		{AD3A2461-0F06-4BEC-B350-B01526D5592A}.Release|ARM.ActiveCfg = Release|Any CPU
		{AD3A2461-0F06-4BEC-B350-B01526D5592A}.Release|ARM.Build.0 = Release|Any CPU
		{AD3A2461-0F06-4BEC-B350-B01526D5592A}.Release|ARM64.ActiveCfg = Release|Any CPU
		{AD3A2461-0F06-4BEC-B350-B01526D5592A}.Release|ARM64.Build.0 = Release|Any CPU
		{AD3A2461-0F06-4BEC-B350-B01526D5592A}.Release|x64.ActiveCfg = Release|Any CPU
		{AD3A2461-0F06-4BEC-B350-B01526D5592A}.Release|x64.Build.0 = Release|Any CPU
		{AD3A2461-0F06-4BEC-B350-B01526D5592A}.Release|x86.ActiveCfg = Release|Any CPU
		{AD3A2461-0F06-4BEC-B350-B01526D5592A}.Release|x86.Build.0 = Release|Any CPU
		{5C4E623C-A1A5-4D0E-AF95-EDF05E75C6D9}.Debug|Any CPU.ActiveCfg = Debug|Any CPU
		{5C4E623C-A1A5-4D0E-AF95-EDF05E75C6D9}.Debug|Any CPU.Build.0 = Debug|Any CPU
		{5C4E623C-A1A5-4D0E-AF95-EDF05E75C6D9}.Debug|ARM.ActiveCfg = Debug|Any CPU
		{5C4E623C-A1A5-4D0E-AF95-EDF05E75C6D9}.Debug|ARM.Build.0 = Debug|Any CPU
		{5C4E623C-A1A5-4D0E-AF95-EDF05E75C6D9}.Debug|ARM64.ActiveCfg = Debug|Any CPU
		{5C4E623C-A1A5-4D0E-AF95-EDF05E75C6D9}.Debug|ARM64.Build.0 = Debug|Any CPU
		{5C4E623C-A1A5-4D0E-AF95-EDF05E75C6D9}.Debug|x64.ActiveCfg = Debug|Any CPU
		{5C4E623C-A1A5-4D0E-AF95-EDF05E75C6D9}.Debug|x64.Build.0 = Debug|Any CPU
		{5C4E623C-A1A5-4D0E-AF95-EDF05E75C6D9}.Debug|x86.ActiveCfg = Debug|Any CPU
		{5C4E623C-A1A5-4D0E-AF95-EDF05E75C6D9}.Debug|x86.Build.0 = Debug|Any CPU
		{5C4E623C-A1A5-4D0E-AF95-EDF05E75C6D9}.Release|Any CPU.ActiveCfg = Release|Any CPU
		{5C4E623C-A1A5-4D0E-AF95-EDF05E75C6D9}.Release|Any CPU.Build.0 = Release|Any CPU
		{5C4E623C-A1A5-4D0E-AF95-EDF05E75C6D9}.Release|ARM.ActiveCfg = Release|Any CPU
		{5C4E623C-A1A5-4D0E-AF95-EDF05E75C6D9}.Release|ARM.Build.0 = Release|Any CPU
		{5C4E623C-A1A5-4D0E-AF95-EDF05E75C6D9}.Release|ARM64.ActiveCfg = Release|Any CPU
		{5C4E623C-A1A5-4D0E-AF95-EDF05E75C6D9}.Release|ARM64.Build.0 = Release|Any CPU
		{5C4E623C-A1A5-4D0E-AF95-EDF05E75C6D9}.Release|x64.ActiveCfg = Release|Any CPU
		{5C4E623C-A1A5-4D0E-AF95-EDF05E75C6D9}.Release|x64.Build.0 = Release|Any CPU
		{5C4E623C-A1A5-4D0E-AF95-EDF05E75C6D9}.Release|x86.ActiveCfg = Release|Any CPU
		{5C4E623C-A1A5-4D0E-AF95-EDF05E75C6D9}.Release|x86.Build.0 = Release|Any CPU
		{B804AF08-E02A-4AF2-B073-66010B43539A}.Debug|Any CPU.ActiveCfg = Debug|Any CPU
		{B804AF08-E02A-4AF2-B073-66010B43539A}.Debug|Any CPU.Build.0 = Debug|Any CPU
		{B804AF08-E02A-4AF2-B073-66010B43539A}.Debug|ARM.ActiveCfg = Debug|Any CPU
		{B804AF08-E02A-4AF2-B073-66010B43539A}.Debug|ARM.Build.0 = Debug|Any CPU
		{B804AF08-E02A-4AF2-B073-66010B43539A}.Debug|ARM64.ActiveCfg = Debug|Any CPU
		{B804AF08-E02A-4AF2-B073-66010B43539A}.Debug|ARM64.Build.0 = Debug|Any CPU
		{B804AF08-E02A-4AF2-B073-66010B43539A}.Debug|x64.ActiveCfg = Debug|Any CPU
		{B804AF08-E02A-4AF2-B073-66010B43539A}.Debug|x64.Build.0 = Debug|Any CPU
		{B804AF08-E02A-4AF2-B073-66010B43539A}.Debug|x86.ActiveCfg = Debug|Any CPU
		{B804AF08-E02A-4AF2-B073-66010B43539A}.Debug|x86.Build.0 = Debug|Any CPU
		{B804AF08-E02A-4AF2-B073-66010B43539A}.Release|Any CPU.ActiveCfg = Release|Any CPU
		{B804AF08-E02A-4AF2-B073-66010B43539A}.Release|Any CPU.Build.0 = Release|Any CPU
		{B804AF08-E02A-4AF2-B073-66010B43539A}.Release|ARM.ActiveCfg = Release|Any CPU
		{B804AF08-E02A-4AF2-B073-66010B43539A}.Release|ARM.Build.0 = Release|Any CPU
		{B804AF08-E02A-4AF2-B073-66010B43539A}.Release|ARM64.ActiveCfg = Release|Any CPU
		{B804AF08-E02A-4AF2-B073-66010B43539A}.Release|ARM64.Build.0 = Release|Any CPU
		{B804AF08-E02A-4AF2-B073-66010B43539A}.Release|x64.ActiveCfg = Release|Any CPU
		{B804AF08-E02A-4AF2-B073-66010B43539A}.Release|x64.Build.0 = Release|Any CPU
		{B804AF08-E02A-4AF2-B073-66010B43539A}.Release|x86.ActiveCfg = Release|Any CPU
		{B804AF08-E02A-4AF2-B073-66010B43539A}.Release|x86.Build.0 = Release|Any CPU
	EndGlobalSection
	GlobalSection(SolutionProperties) = preSolution
		HideSolutionNode = FALSE
	EndGlobalSection
	GlobalSection(NestedProjects) = preSolution
		{6FEBEBED-665B-4FCE-B5B9-C3B455C07080} = {5BB2AD70-0087-458F-9E30-BD62E0AE6825}
		{C8B3FA73-858F-4146-B24B-2D0A61680792} = {5BB2AD70-0087-458F-9E30-BD62E0AE6825}
		{AD3A2461-0F06-4BEC-B350-B01526D5592A} = {5BB2AD70-0087-458F-9E30-BD62E0AE6825}
		{5C4E623C-A1A5-4D0E-AF95-EDF05E75C6D9} = {5BB2AD70-0087-458F-9E30-BD62E0AE6825}
		{B804AF08-E02A-4AF2-B073-66010B43539A} = {5BB2AD70-0087-458F-9E30-BD62E0AE6825}
	EndGlobalSection
	GlobalSection(ExtensibilityGlobals) = postSolution
		SolutionGuid = {C28B734A-E10B-4F74-B9E9-19C62D855E30}
	EndGlobalSection
EndGlobal
